
Microsoft Visual Studio Solution File, Format Version 12.00
# Visual Studio Version 16
VisualStudioVersion = 16.0.31424.327
MinimumVisualStudioVersion = 10.0.40219.1
Project("{9A19103F-16F7-4668-BE54-9A1E7A4F7556}") = "Flight-Planner.Web.Final", "Flight-Planner.Web.Final\Flight-Planner.Web.Final.csproj", "{7D0DB28C-7E41-4269-9AD8-AF0988562CE3}"
EndProject
Project("{9A19103F-16F7-4668-BE54-9A1E7A4F7556}") = "Flight-Planner.Core", "Flight-Planner.Core\Flight-Planner.Core.csproj", "{95DE87DD-7987-453F-9DEB-FA0AF5EAFA28}"
EndProject
Project("{9A19103F-16F7-4668-BE54-9A1E7A4F7556}") = "Flight-Planner.Data", "Flight-Planner.Data\Flight-Planner.Data.csproj", "{D92CE3CF-BCDE-436D-BEDE-DA545DAFCAD3}"
EndProject
Project("{9A19103F-16F7-4668-BE54-9A1E7A4F7556}") = "Flight-Planner.Services", "Flight-Planner.Services\Flight-Planner.Services.csproj", "{5EB040DC-3F82-47E7-875C-403BCDC51B35}"
EndProject
Project("{2150E333-8FDC-42A3-9474-1A3956D46DE8}") = "Solution Items", "Solution Items", "{0E39562F-7042-45DE-A71B-EDBD19A8CBE8}"
	ProjectSection(SolutionItems) = preProject
		.editorconfig = .editorconfig
	EndProjectSection
EndProject
Global
	GlobalSection(SolutionConfigurationPlatforms) = preSolution
		Debug|Any CPU = Debug|Any CPU
		Release|Any CPU = Release|Any CPU
	EndGlobalSection
	GlobalSection(ProjectConfigurationPlatforms) = postSolution
		{7D0DB28C-7E41-4269-9AD8-AF0988562CE3}.Debug|Any CPU.ActiveCfg = Debug|Any CPU
		{7D0DB28C-7E41-4269-9AD8-AF0988562CE3}.Debug|Any CPU.Build.0 = Debug|Any CPU
		{7D0DB28C-7E41-4269-9AD8-AF0988562CE3}.Release|Any CPU.ActiveCfg = Release|Any CPU
		{7D0DB28C-7E41-4269-9AD8-AF0988562CE3}.Release|Any CPU.Build.0 = Release|Any CPU
		{95DE87DD-7987-453F-9DEB-FA0AF5EAFA28}.Debug|Any CPU.ActiveCfg = Debug|Any CPU
		{95DE87DD-7987-453F-9DEB-FA0AF5EAFA28}.Debug|Any CPU.Build.0 = Debug|Any CPU
		{95DE87DD-7987-453F-9DEB-FA0AF5EAFA28}.Release|Any CPU.ActiveCfg = Release|Any CPU
		{95DE87DD-7987-453F-9DEB-FA0AF5EAFA28}.Release|Any CPU.Build.0 = Release|Any CPU
		{D92CE3CF-BCDE-436D-BEDE-DA545DAFCAD3}.Debug|Any CPU.ActiveCfg = Debug|Any CPU
		{D92CE3CF-BCDE-436D-BEDE-DA545DAFCAD3}.Debug|Any CPU.Build.0 = Debug|Any CPU
		{D92CE3CF-BCDE-436D-BEDE-DA545DAFCAD3}.Release|Any CPU.ActiveCfg = Release|Any CPU
		{D92CE3CF-BCDE-436D-BEDE-DA545DAFCAD3}.Release|Any CPU.Build.0 = Release|Any CPU
		{5EB040DC-3F82-47E7-875C-403BCDC51B35}.Debug|Any CPU.ActiveCfg = Debug|Any CPU
		{5EB040DC-3F82-47E7-875C-403BCDC51B35}.Debug|Any CPU.Build.0 = Debug|Any CPU
		{5EB040DC-3F82-47E7-875C-403BCDC51B35}.Release|Any CPU.ActiveCfg = Release|Any CPU
		{5EB040DC-3F82-47E7-875C-403BCDC51B35}.Release|Any CPU.Build.0 = Release|Any CPU
	EndGlobalSection
	GlobalSection(SolutionProperties) = preSolution
		HideSolutionNode = FALSE
	EndGlobalSection
	GlobalSection(ExtensibilityGlobals) = postSolution
		SolutionGuid = {D20A527F-0067-4F5D-A0FC-FB42AD9DD682}
	EndGlobalSection
EndGlobal
